
Microsoft Visual Studio Solution File, Format Version 12.00
# Visual Studio Version 17
VisualStudioVersion = 17.0.31903.59
MinimumVisualStudioVersion = 10.0.40219.1
Project("{FAE04EC0-301F-11D3-BF4B-00C04F79EFBC}") = "BIMChain.Plugin", "BIMChain.Plugin\BIMChain.Plugin.csproj", "{E37F98C8-41A0-43C8-958C-D83C66FC2B36}"
EndProject
Project("{FAE04EC0-301F-11D3-BF4B-00C04F79EFBC}") = "BIMChain.Tests", "BIMChain.Tests\BIMChain.Tests.csproj", "{6FA330A4-7810-4D6C-9ECA-C75189FE6F4F}"
EndProject
Global
	GlobalSection(SolutionConfigurationPlatforms) = preSolution
		Debug|Any CPU = Debug|Any CPU
		Release|Any CPU = Release|Any CPU
	EndGlobalSection
	GlobalSection(SolutionProperties) = preSolution
		HideSolutionNode = FALSE
	EndGlobalSection
	GlobalSection(ProjectConfigurationPlatforms) = postSolution
		{E37F98C8-41A0-43C8-958C-D83C66FC2B36}.Debug|Any CPU.ActiveCfg = Debug|Any CPU
		{E37F98C8-41A0-43C8-958C-D83C66FC2B36}.Debug|Any CPU.Build.0 = Debug|Any CPU
		{E37F98C8-41A0-43C8-958C-D83C66FC2B36}.Release|Any CPU.ActiveCfg = Release|Any CPU
		{E37F98C8-41A0-43C8-958C-D83C66FC2B36}.Release|Any CPU.Build.0 = Release|Any CPU
		{6FA330A4-7810-4D6C-9ECA-C75189FE6F4F}.Debug|Any CPU.ActiveCfg = Debug|Any CPU
		{6FA330A4-7810-4D6C-9ECA-C75189FE6F4F}.Debug|Any CPU.Build.0 = Debug|Any CPU
		{6FA330A4-7810-4D6C-9ECA-C75189FE6F4F}.Release|Any CPU.ActiveCfg = Release|Any CPU
		{6FA330A4-7810-4D6C-9ECA-C75189FE6F4F}.Release|Any CPU.Build.0 = Release|Any CPU
	EndGlobalSection
EndGlobal
